
Microsoft Visual Studio Solution File, Format Version 12.00
# Visual Studio Version 17
VisualStudioVersion = 17.10.34928.147
MinimumVisualStudioVersion = 10.0.40219.1
Project("{9A19103F-16F7-4668-BE54-9A1E7A4F7556}") = "WebSocketC#", "WebSocketC#\WebSocketC#.csproj", "{37DD84CD-9525-4CD8-BAAB-F8E8F413B068}"
EndProject
Project("{FAE04EC0-301F-11D3-BF4B-00C04F79EFBC}") = "Game1", "Game1\Game1.csproj", "{713AB32F-AE94-4EE0-AD9E-C6E5232A0D25}"
EndProject
Global
	GlobalSection(SolutionConfigurationPlatforms) = preSolution
		Debug|Any CPU = Debug|Any CPU
		Release|Any CPU = Release|Any CPU
	EndGlobalSection
	GlobalSection(ProjectConfigurationPlatforms) = postSolution
		{37DD84CD-9525-4CD8-BAAB-F8E8F413B068}.Debug|Any CPU.ActiveCfg = Debug|Any CPU
		{37DD84CD-9525-4CD8-BAAB-F8E8F413B068}.Debug|Any CPU.Build.0 = Debug|Any CPU
		{37DD84CD-9525-4CD8-BAAB-F8E8F413B068}.Release|Any CPU.ActiveCfg = Release|Any CPU
		{37DD84CD-9525-4CD8-BAAB-F8E8F413B068}.Release|Any CPU.Build.0 = Release|Any CPU
		{713AB32F-AE94-4EE0-AD9E-C6E5232A0D25}.Debug|Any CPU.ActiveCfg = Debug|Any CPU
		{713AB32F-AE94-4EE0-AD9E-C6E5232A0D25}.Debug|Any CPU.Build.0 = Debug|Any CPU
		{713AB32F-AE94-4EE0-AD9E-C6E5232A0D25}.Release|Any CPU.ActiveCfg = Release|Any CPU
		{713AB32F-AE94-4EE0-AD9E-C6E5232A0D25}.Release|Any CPU.Build.0 = Release|Any CPU
	EndGlobalSection
	GlobalSection(SolutionProperties) = preSolution
		HideSolutionNode = FALSE
	EndGlobalSection
	GlobalSection(ExtensibilityGlobals) = postSolution
		SolutionGuid = {A9CDBDF7-3805-40D9-8399-5F67332E3BF2}
	EndGlobalSection
EndGlobal
